{
  "originHash" : "a7e300957e7bdc737841ca56871c5d997a95d131d50eaf34ae7a70215b312652",
  "pins" : [
    {
      "identity" : "diffy",
      "kind" : "remoteSourceControl",
      "location" : "https://github.com/andrsem/diffy",
      "state" : {
        "revision" : "4aba86ecec32167120bef856e2345b68f5b3f90e",
        "version" : "1.0.0"
      }
    },
    {
      "identity" : "sw40",
      "kind" : "remoteSourceControl",
      "location" : "https://github.com/andrsem/sw40",
      "state" : {
        "revision" : "669ab52d00ed70b7fbaf804750172d947083713d",
        "version" : "1.0.0"
      }
    },
    {
      "identity" : "swift-algorithms",
      "kind" : "remoteSourceControl",
      "location" : "https://github.com/apple/swift-algorithms.git",
      "state" : {
        "revision" : "87e50f483c54e6efd60e885f7f5aa946cee68023",
        "version" : "1.2.1"
      }
    },
    {
      "identity" : "swift-argument-parser",
      "kind" : "remoteSourceControl",
      "location" : "https://github.com/apple/swift-argument-parser",
      "state" : {
        "revision" : "6a52f3251125d74daf04fcbd5e6f08a75d074382",
        "version" : "1.8.2"
      }
    },
    {
      "identity" : "swift-numerics",
      "kind" : "remoteSourceControl",
      "location" : "https://github.com/apple/swift-numerics.git",
      "state" : {
        "revision" : "0c0290ff6b24942dadb83a929ffaaa1481df04a2",
        "version" : "1.1.1"
      }
    },
    {
      "identity" : "swift-subprocess",
      "kind" : "remoteSourceControl",
      "location" : "https://github.com/swiftlang/swift-subprocess.git",
      "state" : {
        "revision" : "b3937ab85dd32f6e9435914599c1519074769c1a",
        "version" : "1.0.0"
      }
    },
    {
      "identity" : "swift-system",
      "kind" : "remoteSourceControl",
      "location" : "https://github.com/apple/swift-system",
      "state" : {
        "revision" : "869129b7bf4ecc57b97d0193ad29690ca2134750",
        "version" : "1.8.1"
      }
    },
    {
      "identity" : "tts",
      "kind" : "remoteSourceControl",
      "location" : "https://github.com/andrsem/tts",
      "state" : {
        "revision" : "bec91d109cac471b7801a00bc7a7152a5db7e193",
        "version" : "1.0.0"
      }
    }
  ],
  "version" : 3
}
